<?xml version="1.0" encoding="utf-8"?>
<Project ToolsVersion="4.0" xmlns="http://schemas.microsoft.com/developer/msbuild/2003">
  <ItemGroup>
    <Filter Include="Joto">
      <UniqueIdentifier>{218B877C-0DC2-880D-B6AE-6E10A2C4040F}</UniqueIdentifier>
    </Filter>
    <Filter Include="Joto\Events">
      <UniqueIdentifier>{E5472F3D-51FD-A732-DAF1-A10946A69E36}</UniqueIdentifier>
    </Filter>
  </ItemGroup>
  <ItemGroup>
    <ClInclude Include="src\Joto.h" />
    <ClInclude Include="src\Joto\Application.h">
      <Filter>Joto</Filter>
    </ClInclude>
    <ClInclude Include="src\Joto\Core.h">
      <Filter>Joto</Filter>
    </ClInclude>
    <ClInclude Include="src\Joto\EntryPoint.h">
      <Filter>Joto</Filter>
    </ClInclude>
    <ClInclude Include="src\Joto\Events\ApplicationEvent.h">
      <Filter>Joto\Events</Filter>
    </ClInclude>
    <ClInclude Include="src\Joto\Events\Event.h">
      <Filter>Joto\Events</Filter>
    </ClInclude>
    <ClInclude Include="src\Joto\Events\KeyEvent.h">
      <Filter>Joto\Events</Filter>
    </ClInclude>
    <ClInclude Include="src\Joto\Events\MouseEvent.h">
      <Filter>Joto\Events</Filter>
    </ClInclude>
    <ClInclude Include="src\Joto\Log.h">
      <Filter>Joto</Filter>
    </ClInclude>
  </ItemGroup>
  <ItemGroup>
    <ClCompile Include="src\Joto\Application.cpp">
      <Filter>Joto</Filter>
    </ClCompile>
    <ClCompile Include="src\Joto\Log.cpp">
      <Filter>Joto</Filter>
    </ClCompile>
  </ItemGroup>
</Project>